# Generated by buf. DO NOT EDIT.
deps:
  - remote: buf.build
    owner: beta
    repository: googleapis
    branch: main
    commit: 4bcf1c53c48f470fa25ba07ea83f9bbe
    digest: b1-lU_fUwyVN-OizY3B7uVZ-4Wqhg9jHl0QI8olAM0N6cs=
    create_time: 2021-03-31T11:57:42.816423Z
  - remote: buf.build
    owner: grpc-ecosystem
    repository: grpc-gateway
    branch: main
    commit: 7a6d2403c65b43c4baedfe310a990511
    digest: b1-WUC_a7n_HiH1rMdtYq5ee2znRn4OuSxJoaNw4mwoHHk=
    create_time: 2021-03-04T01:13:54.83101Z
